<?xml version="1.0" encoding="utf-8"?>
<Project ToolsVersion="4.0" xmlns="http://schemas.microsoft.com/developer/msbuild/2003">
  <ItemGroup>
    <ClInclude Include="utilities\hooking\hook.hpp" />
    <ClInclude Include="dependencies\xorstr\xorstr.hpp" />
    <ClInclude Include="utilities\global.hpp" />
    <ClInclude Include="dependencies\global.hpp" />
    <ClInclude Include="csgo\global.hpp" />
    <ClInclude Include="utilities\console\console.hpp" />
    <ClInclude Include="utilities\global\globals.hpp" />
    <ClInclude Include="csgo\hacks\global.hpp" />
    <ClInclude Include="csgo\valve\global.hpp" />
    <ClInclude Include="utilities\easing\bitflag\bitflag.hpp" />
    <ClInclude Include="utilities\math\vector2d.hpp" />
    <ClInclude Include="utilities\math\global.hpp" />
    <ClInclude Include="utilities\math\vector3d.hpp" />
    <ClInclude Include="utilities\easing\global.hpp" />
    <ClInclude Include="utilities\memory\memory.hpp" />
    <ClInclude Include="utilities\memory\global.hpp" />
    <ClInclude Include="csgo\valve\interfaces.hpp" />
    <ClInclude Include="csgo\valve\interfaces\global.hpp" />
    <ClInclude Include="csgo\valve\interfaces\i_console.hpp" />
    <ClInclude Include="csgo\valve\utilities\c_utl.hpp" />
    <ClInclude Include="csgo\valve\classes\convar.hpp" />
    <ClInclude Include="csgo\valve\classes\global.hpp" />
    <ClInclude Include="csgo\valve\interfaces\i_surface.hpp" />
    <ClInclude Include="utilities\color\color.hpp" />
    <ClInclude Include="csgo\valve\interfaces\i_input_system.hpp" />
    <ClInclude Include="config\config.hpp" />
    <ClInclude Include="dependencies\json\json.hpp" />
    <ClInclude Include="config\utilities.hpp" />
    <ClInclude Include="config\global.hpp" />
    <ClInclude Include="csgo\valve\interfaces\i_panel.hpp" />
    <ClInclude Include="csgo\valve\interfaces\i_base_client_dll.hpp" />
    <ClInclude Include="csgo\valve\classes\client_class.hpp" />
    <ClInclude Include="csgo\valve\classes\recv_prop.hpp" />
    <ClInclude Include="csgo\valve\classes\user_cmd.hpp" />
    <ClInclude Include="csgo\hacks\misc\movement.hpp" />
    <ClInclude Include="csgo\valve\utilities\netvar\global.hpp" />
    <ClInclude Include="csgo\valve\utilities\netvar\netvar.hpp" />
    <ClInclude Include="csgo\valve\classes\players.hpp" />
    <ClInclude Include="csgo\valve\interfaces\i_entity_list.hpp" />
    <ClInclude Include="csgo\valve\interfaces\i_engine_client.hpp" />
    <ClInclude Include="csgo\valve\interfaces\i_global_vars.hpp" />
    <ClInclude Include="csgo\valve\interfaces\i_debug_overlay.hpp" />
  </ItemGroup>
  <ItemGroup>
    <ClCompile Include="utilities\hooking\hook.cpp" />
    <ClCompile Include="dllmain.cpp" />
    <ClCompile Include="utilities\hooking\vmt.cpp" />
    <ClCompile Include="csgo\valve\interfaces.cpp" />
    <ClCompile Include="config\config.cpp" />
    <ClCompile Include="csgo\valve\utilities\netvar\netvar.cpp" />
  </ItemGroup>
</Project>